// !$*UTF8*$!
{
	archiveVersion = 1;
	classes = {
	};
	objectVersion = 50;
	objects = {

/* Begin PBXBuildFile section */
		5DC2B50C25ECD7F0004DE69B /* AppDelegate.swift in Sources */ = {isa = PBXBuildFile; fileRef = 5DC2B50B25ECD7F0004DE69B /* AppDelegate.swift */; };
		5DC2B50E25ECD7F0004DE69B /* SceneDelegate.swift in Sources */ = {isa = PBXBuildFile; fileRef = 5DC2B50D25ECD7F0004DE69B /* SceneDelegate.swift */; };
		5DC2B51025ECD7F0004DE69B /* ViewController.swift in Sources */ = {isa = PBXBuildFile; fileRef = 5DC2B50F25ECD7F0004DE69B /* ViewController.swift */; };
		5DC2B51325ECD7F0004DE69B /* Main.storyboard in Resources */ = {isa = PBXBuildFile; fileRef = 5DC2B51125ECD7F0004DE69B /* Main.storyboard */; };
		5DC2B51525ECD7F1004DE69B /* Assets.xcassets in Resources */ = {isa = PBXBuildFile; fileRef = 5DC2B51425ECD7F1004DE69B /* Assets.xcassets */; };
		5DC2B51825ECD7F1004DE69B /* LaunchScreen.storyboard in Resources */ = {isa = PBXBuildFile; fileRef = 5DC2B51625ECD7F1004DE69B /* LaunchScreen.storyboard */; };
		5DC2B52225ECD844004DE69B /* CollectionViewCell.swift in Sources */ = {isa = PBXBuildFile; fileRef = 5DC2B52125ECD844004DE69B /* CollectionViewCell.swift */; };
/* End PBXBuildFile section */

/* Begin PBXFileReference section */
		5DC2B50825ECD7F0004DE69B /* ZodiacTaskkk.app */ = {isa = PBXFileReference; explicitFileType = wrapper.application; includeInIndex = 0; path = ZodiacTaskkk.app; sourceTree = BUILT_PRODUCTS_DIR; };
		5DC2B50B25ECD7F0004DE69B /* AppDelegate.swift */ = {isa = PBXFileReference; lastKnownFileType = sourcecode.swift; path = AppDelegate.swift; sourceTree = "<group>"; };
		5DC2B50D25ECD7F0004DE69B /* SceneDelegate.swift */ = {isa = PBXFileReference; lastKnownFileType = sourcecode.swift; path = SceneDelegate.swift; sourceTree = "<group>"; };
		5DC2B50F25ECD7F0004DE69B /* ViewController.swift */ = {isa = PBXFileReference; lastKnownFileType = sourcecode.swift; path = ViewController.swift; sourceTree = "<group>"; };
		5DC2B51225ECD7F0004DE69B /* Base */ = {isa = PBXFileReference; lastKnownFileType = file.storyboard; name = Base; path = Base.lproj/Main.storyboard; sourceTree = "<group>"; };
		5DC2B51425ECD7F1004DE69B /* Assets.xcassets */ = {isa = PBXFileReference; lastKnownFileType = folder.assetcatalog; path = Assets.xcassets; sourceTree = "<group>"; };
		5DC2B51725ECD7F1004DE69B /* Base */ = {isa = PBXFileReference; lastKnownFileType = file.storyboard; name = Base; path = Base.lproj/LaunchScreen.storyboard; sourceTree = "<group>"; };
		5DC2B51925ECD7F1004DE69B /* Info.plist */ = {isa = PBXFileReference; lastKnownFileType = text.plist.xml; path = Info.plist; sourceTree = "<group>"; };
		5DC2B52125ECD844004DE69B /* CollectionViewCell.swift */ = {isa = PBXFileReference; lastKnownFileType = sourcecode.swift; path = CollectionViewCell.swift; sourceTree = "<group>"; };
/* End PBXFileReference section */

/* Begin PBXFrameworksBuildPhase section */
		5DC2B50525ECD7F0004DE69B /* Frameworks */ = {
			isa = PBXFrameworksBuildPhase;
			buildActionMask = 2147483647;
			files = (
			);
			runOnlyForDeploymentPostprocessing = 0;
		};
/* End PBXFrameworksBuildPhase section */

/* Begin PBXGroup section */
		5DC2B4FF25ECD7F0004DE69B = {
			isa = PBXGroup;
			children = (
				5DC2B50A25ECD7F0004DE69B /* ZodiacTaskkk */,
				5DC2B50925ECD7F0004DE69B /* Products */,
			);
			sourceTree = "<group>";
		};
		5DC2B50925ECD7F0004DE69B /* Products */ = {
			isa = PBXGroup;
			children = (
				5DC2B50825ECD7F0004DE69B /* ZodiacTaskkk.app */,
			);
			name = Products;
			sourceTree = "<group>";
		};
		5DC2B50A25ECD7F0004DE69B /* ZodiacTaskkk */ = {
			isa = PBXGroup;
			children = (
				5DC2B50B25ECD7F0004DE69B /* AppDelegate.swift */,
				5DC2B50D25ECD7F0004DE69B /* SceneDelegate.swift */,
				5DC2B50F25ECD7F0004DE69B /* ViewController.swift */,
				5DC2B51125ECD7F0004DE69B /* Main.storyboard */,
				5DC2B51425ECD7F1004DE69B /* Assets.xcassets */,
				5DC2B51625ECD7F1004DE69B /* LaunchScreen.storyboard */,
				5DC2B51925ECD7F1004DE69B /* Info.plist */,
				5DC2B52125ECD844004DE69B /* CollectionViewCell.swift */,
			);
			path = ZodiacTaskkk;
			sourceTree = "<group>";
		};
/* End PBXGroup section */

/* Begin PBXNativeTarget section */
		5DC2B50725ECD7F0004DE69B /* ZodiacTaskkk */ = {
			isa = PBXNativeTarget;
			buildConfigurationList = 5DC2B51C25ECD7F2004DE69B /* Build configuration list for PBXNativeTarget "ZodiacTaskkk" */;
			buildPhases = (
				5DC2B50425ECD7F0004DE69B /* Sources */,
				5DC2B50525ECD7F0004DE69B /* Frameworks */,
				5DC2B50625ECD7F0004DE69B /* Resources */,
			);
			buildRules = (
			);
			dependencies = (
			);
			name = ZodiacTaskkk;
			productName = ZodiacTaskkk;
			productReference = 5DC2B50825ECD7F0004DE69B /* ZodiacTaskkk.app */;
			productType = "com.apple.product-type.application";
		};
/* End PBXNativeTarget section */

/* Begin PBXProject section */
		5DC2B50025ECD7F0004DE69B /* Project object */ = {
			isa = PBXProject;
			attributes = {
				LastSwiftUpdateCheck = 1240;
				LastUpgradeCheck = 1240;
				TargetAttributes = {
					5DC2B50725ECD7F0004DE69B = {
						CreatedOnToolsVersion = 12.4;
					};
				};
			};
			buildConfigurationList = 5DC2B50325ECD7F0004DE69B /* Build configuration list for PBXProject "ZodiacTaskkk" */;
			compatibilityVersion = "Xcode 9.3";
			developmentRegion = en;
			hasScannedForEncodings = 0;
			knownRegions = (
				en,
				Base,
			);
			mainGroup = 5DC2B4FF25ECD7F0004DE69B;
			productRefGroup = 5DC2B50925ECD7F0004DE69B /* Products */;
			projectDirPath = "";
			projectRoot = "";
			targets = (
				5DC2B50725ECD7F0004DE69B /* ZodiacTaskkk */,
			);
		};
/* End PBXProject section */

/* Begin PBXResourcesBuildPhase section */
		5DC2B50625ECD7F0004DE69B /* Resources */ = {
			isa = PBXResourcesBuildPhase;
			buildActionMask = 2147483647;
			files = (
				5DC2B51825ECD7F1004DE69B /* LaunchScreen.storyboard in Resources */,
				5DC2B51525ECD7F1004DE69B /* Assets.xcassets in Resources */,
				5DC2B51325ECD7F0004DE69B /* Main.storyboard in Resources */,
			);
			runOnlyForDeploymentPostprocessing = 0;
		};
/* End PBXResourcesBuildPhase section */

/* Begin PBXSourcesBuildPhase section */
		5DC2B50425ECD7F0004DE69B /* Sources */ = {
			isa = PBXSourcesBuildPhase;
			buildActionMask = 2147483647;
			files = (
				5DC2B51025ECD7F0004DE69B /* ViewController.swift in Sources */,
				5DC2B50C25ECD7F0004DE69B /* AppDelegate.swift in Sources */,
				5DC2B52225ECD844004DE69B /* CollectionViewCell.swift in Sources */,
				5DC2B50E25ECD7F0004DE69B /* SceneDelegate.swift in Sources */,
			);
			runOnlyForDeploymentPostprocessing = 0;
		};
/* End PBXSourcesBuildPhase section */

/* Begin PBXVariantGroup section */
		5DC2B51125ECD7F0004DE69B /* Main.storyboard */ = {
			isa = PBXVariantGroup;
			children = (
				5DC2B51225ECD7F0004DE69B /* Base */,
			);
			name = Main.storyboard;
			sourceTree = "<group>";
		};
		5DC2B51625ECD7F1004DE69B /* LaunchScreen.storyboard */ = {
			isa = PBXVariantGroup;
			children = (
				5DC2B51725ECD7F1004DE69B /* Base */,
			);
			name = LaunchScreen.storyboard;
			sourceTree = "<group>";
		};
/* End PBXVariantGroup section */

/* Begin XCBuildConfiguration section */
		5DC2B51A25ECD7F2004DE69B /* Debug */ = {
			isa = XCBuildConfiguration;
			buildSettings = {
				ALWAYS_SEARCH_USER_PATHS = NO;
				CLANG_ANALYZER_NONNULL = YES;
				CLANG_ANALYZER_NUMBER_OBJECT_CONVERSION = YES_AGGRESSIVE;
				CLANG_CXX_LANGUAGE_STANDARD = "gnu++14";
				CLANG_CXX_LIBRARY = "libc++";
				CLANG_ENABLE_MODULES = YES;
				CLANG_ENABLE_OBJC_ARC = YES;
				CLANG_ENABLE_OBJC_WEAK = YES;
				CLANG_WARN_BLOCK_CAPTURE_AUTORELEASING = YES;
				CLANG_WARN_BOOL_CONVERSION = YES;
				CLANG_WARN_COMMA = YES;
				CLANG_WARN_CONSTANT_CONVERSION = YES;
				CLANG_WARN_DEPRECATED_OBJC_IMPLEMENTATIONS = YES;
				CLANG_WARN_DIRECT_OBJC_ISA_USAGE = YES_ERROR;
				CLANG_WARN_DOCUMENTATION_COMMENTS = YES;
				CLANG_WARN_EMPTY_BODY = YES;
				CLANG_WARN_ENUM_CONVERSION = YES;
				CLANG_WARN_INFINITE_RECURSION = YES;
				CLANG_WARN_INT_CONVERSION = YES;
				CLANG_WARN_NON_LITERAL_NULL_CONVERSION = YES;
				CLANG_WARN_OBJC_IMPLICIT_RETAIN_SELF = YES;
				CLANG_WARN_OBJC_LITERAL_CONVERSION = YES;
				CLANG_WARN_OBJC_ROOT_CLASS = YES_ERROR;
				CLANG_WARN_QUOTED_INCLUDE_IN_FRAMEWORK_HEADER = YES;
				CLANG_WARN_RANGE_LOOP_ANALYSIS = YES;
				CLANG_WARN_STRICT_PROTOTYPES = YES;
				CLANG_WARN_SUSPICIOUS_MOVE = YES;
				CLANG_WARN_UNGUARDED_AVAILABILITY = YES_AGGRESSIVE;
				CLANG_WARN_UNREACHABLE_CODE = YES;
				CLANG_WARN__DUPLICATE_METHOD_MATCH = YES;
				COPY_PHASE_STRIP = NO;
				DEBUG_INFORMATION_FORMAT = dwarf;
				ENABLE_STRICT_OBJC_MSGSEND = YES;
				ENABLE_TESTABILITY = YES;
				GCC_C_LANGUAGE_STANDARD = gnu11;
				GCC_DYNAMIC_NO_PIC = NO;
				GCC_NO_COMMON_BLOCKS = YES;
				GCC_OPTIMIZATION_LEVEL = 0;
				GCC_PREPROCESSOR_DEFINITIONS = (
					"DEBUG=1",
					"$(inherited)",
				);
				GCC_WARN_64_TO_32_BIT_CONVERSION = YES;
				GCC_WARN_ABOUT_RETURN_TYPE = YES_ERROR;
				GCC_WARN_UNDECLARED_SELECTOR = YES;
				GCC_WARN_UNINITIALIZED_AUTOS = YES_AGGRESSIVE;
				GCC_WARN_UNUSED_FUNCTION = YES;
				GCC_WARN_UNUSED_VARIABLE = YES;
				IPHONEOS_DEPLOYMENT_TARGET = 14.4;
				MTL_ENABLE_DEBUG_INFO = INCLUDE_SOURCE;
				MTL_FAST_MATH = YES;
				ONLY_ACTIVE_ARCH = YES;
				SDKROOT = iphoneos;
				SWIFT_ACTIVE_COMPILATION_CONDITIONS = DEBUG;
				SWIFT_OPTIMIZATION_LEVEL = "-Onone";
			};
			name = Debug;
		};
		5DC2B51B25ECD7F2004DE69B /* Release */ = {
			isa = XCBuildConfiguration;
			buildSettings = {
				ALWAYS_SEARCH_USER_PATHS = NO;
				CLANG_ANALYZER_NONNULL = YES;
				CLANG_ANALYZER_NUMBER_OBJECT_CONVERSION = YES_AGGRESSIVE;
				CLANG_CXX_LANGUAGE_STANDARD = "gnu++14";
				CLANG_CXX_LIBRARY = "libc++";
				CLANG_ENABLE_MODULES = YES;
				CLANG_ENABLE_OBJC_ARC = YES;
				CLANG_ENABLE_OBJC_WEAK = YES;
				CLANG_WARN_BLOCK_CAPTURE_AUTORELEASING = YES;
				CLANG_WARN_BOOL_CONVERSION = YES;
				CLANG_WARN_COMMA = YES;
				CLANG_WARN_CONSTANT_CONVERSION = YES;
				CLANG_WARN_DEPRECATED_OBJC_IMPLEMENTATIONS = YES;
				CLANG_WARN_DIRECT_OBJC_ISA_USAGE = YES_ERROR;
				CLANG_WARN_DOCUMENTATION_COMMENTS = YES;
				CLANG_WARN_EMPTY_BODY = YES;
				CLANG_WARN_ENUM_CONVERSION = YES;
				CLANG_WARN_INFINITE_RECURSION = YES;
				CLANG_WARN_INT_CONVERSION = YES;
				CLANG_WARN_NON_LITERAL_NULL_CONVERSION = YES;
				CLANG_WARN_OBJC_IMPLICIT_RETAIN_SELF = YES;
				CLANG_WARN_OBJC_LITERAL_CONVERSION = YES;
				CLANG_WARN_OBJC_ROOT_CLASS = YES_ERROR;
				CLANG_WARN_QUOTED_INCLUDE_IN_FRAMEWORK_HEADER = YES;
				CLANG_WARN_RANGE_LOOP_ANALYSIS = YES;
				CLANG_WARN_STRICT_PROTOTYPES = YES;
				CLANG_WARN_SUSPICIOUS_MOVE = YES;
				CLANG_WARN_UNGUARDED_AVAILABILITY = YES_AGGRESSIVE;
				CLANG_WARN_UNREACHABLE_CODE = YES;
				CLANG_WARN__DUPLICATE_METHOD_MATCH = YES;
				COPY_PHASE_STRIP = NO;
				DEBUG_INFORMATION_FORMAT = "dwarf-with-dsym";
				ENABLE_NS_ASSERTIONS = NO;
				ENABLE_STRICT_OBJC_MSGSEND = YES;
				GCC_C_LANGUAGE_STANDARD = gnu11;
				GCC_NO_COMMON_BLOCKS = YES;
				GCC_WARN_64_TO_32_BIT_CONVERSION = YES;
				GCC_WARN_ABOUT_RETURN_TYPE = YES_ERROR;
				GCC_WARN_UNDECLARED_SELECTOR = YES;
				GCC_WARN_UNINITIALIZED_AUTOS = YES_AGGRESSIVE;
				GCC_WARN_UNUSED_FUNCTION = YES;
				GCC_WARN_UNUSED_VARIABLE = YES;
				IPHONEOS_DEPLOYMENT_TARGET = 14.4;
				MTL_ENABLE_DEBUG_INFO = NO;
				MTL_FAST_MATH = YES;
				SDKROOT = iphoneos;
				SWIFT_COMPILATION_MODE = wholemodule;
				SWIFT_OPTIMIZATION_LEVEL = "-O";
				VALIDATE_PRODUCT = YES;
			};
			name = Release;
		};
		5DC2B51D25ECD7F2004DE69B /* Debug */ = {
			isa = XCBuildConfiguration;
			buildSettings = {
				ASSETCATALOG_COMPILER_APPICON_NAME = AppIcon;
				ASSETCATALOG_COMPILER_GLOBAL_ACCENT_COLOR_NAME = AccentColor;
				CODE_SIGN_STYLE = Automatic;
				INFOPLIST_FILE = ZodiacTaskkk/Info.plist;
				IPHONEOS_DEPLOYMENT_TARGET = 13.0;
				LD_RUNPATH_SEARCH_PATHS = (
					"$(inherited)",
					"@executable_path/Frameworks",
				);
				PRODUCT_BUNDLE_IDENTIFIER = com.testproject.ZodiacTaskkk;
				PRODUCT_NAME = "$(TARGET_NAME)";
				SWIFT_VERSION = 5.0;
				TARGETED_DEVICE_FAMILY = "1,2";
			};
			name = Debug;
		};
		5DC2B51E25ECD7F2004DE69B /* Release */ = {
			isa = XCBuildConfiguration;
			buildSettings = {
				ASSETCATALOG_COMPILER_APPICON_NAME = AppIcon;
				ASSETCATALOG_COMPILER_GLOBAL_ACCENT_COLOR_NAME = AccentColor;
				CODE_SIGN_STYLE = Automatic;
				INFOPLIST_FILE = ZodiacTaskkk/Info.plist;
				IPHONEOS_DEPLOYMENT_TARGET = 13.0;
				LD_RUNPATH_SEARCH_PATHS = (
					"$(inherited)",
					"@executable_path/Frameworks",
				);
				PRODUCT_BUNDLE_IDENTIFIER = com.testproject.ZodiacTaskkk;
				PRODUCT_NAME = "$(TARGET_NAME)";
				SWIFT_VERSION = 5.0;
				TARGETED_DEVICE_FAMILY = "1,2";
			};
			name = Release;
		};
/* End XCBuildConfiguration section */

/* Begin XCConfigurationList section */
		5DC2B50325ECD7F0004DE69B /* Build configuration list for PBXProject "ZodiacTaskkk" */ = {
			isa = XCConfigurationList;
			buildConfigurations = (
				5DC2B51A25ECD7F2004DE69B /* Debug */,
				5DC2B51B25ECD7F2004DE69B /* Release */,
			);
			defaultConfigurationIsVisible = 0;
			defaultConfigurationName = Release;
		};
		5DC2B51C25ECD7F2004DE69B /* Build configuration list for PBXNativeTarget "ZodiacTaskkk" */ = {
			isa = XCConfigurationList;
			buildConfigurations = (
				5DC2B51D25ECD7F2004DE69B /* Debug */,
				5DC2B51E25ECD7F2004DE69B /* Release */,
			);
			defaultConfigurationIsVisible = 0;
			defaultConfigurationName = Release;
		};
/* End XCConfigurationList section */
	};
	rootObject = 5DC2B50025ECD7F0004DE69B /* Project object */;
}
